
Microsoft Visual Studio Solution File, Format Version 12.00
# Visual Studio Version 17
VisualStudioVersion = 17.4.33205.214
MinimumVisualStudioVersion = 10.0.40219.1
Project("{FAE04EC0-301F-11D3-BF4B-00C04F79EFBC}") = "CodeGymOnline_Less2_Ex01", "CodeGymOnline_Less2_Ex01.csproj", "{9B123BDC-5480-43DA-96A1-8233BE6273E1}"
EndProject
Project("{FAE04EC0-301F-11D3-BF4B-00C04F79EFBC}") = "CodeGymOnline_Less2_Ex02", "..\Less2_02\CodeGymOnline_Less2_Ex02.csproj", "{AFFEF77B-79C4-4201-9522-7BCF1B3BF2F9}"
EndProject
Project("{FAE04EC0-301F-11D3-BF4B-00C04F79EFBC}") = "CodeGymOnline_Less2_Ex03", "..\CodeGymOnline_Less2_Ex03\CodeGymOnline_Less2_Ex03.csproj", "{7E31D50B-AAC1-4351-891F-13C64EA5A827}"
EndProject
Global
	GlobalSection(SolutionConfigurationPlatforms) = preSolution
		Debug|Any CPU = Debug|Any CPU
		Release|Any CPU = Release|Any CPU
	EndGlobalSection
	GlobalSection(ProjectConfigurationPlatforms) = postSolution
		{9B123BDC-5480-43DA-96A1-8233BE6273E1}.Debug|Any CPU.ActiveCfg = Debug|Any CPU
		{9B123BDC-5480-43DA-96A1-8233BE6273E1}.Debug|Any CPU.Build.0 = Debug|Any CPU
		{9B123BDC-5480-43DA-96A1-8233BE6273E1}.Release|Any CPU.ActiveCfg = Release|Any CPU
		{9B123BDC-5480-43DA-96A1-8233BE6273E1}.Release|Any CPU.Build.0 = Release|Any CPU
		{AFFEF77B-79C4-4201-9522-7BCF1B3BF2F9}.Debug|Any CPU.ActiveCfg = Debug|Any CPU
		{AFFEF77B-79C4-4201-9522-7BCF1B3BF2F9}.Debug|Any CPU.Build.0 = Debug|Any CPU
		{AFFEF77B-79C4-4201-9522-7BCF1B3BF2F9}.Release|Any CPU.ActiveCfg = Release|Any CPU
		{AFFEF77B-79C4-4201-9522-7BCF1B3BF2F9}.Release|Any CPU.Build.0 = Release|Any CPU
		{7E31D50B-AAC1-4351-891F-13C64EA5A827}.Debug|Any CPU.ActiveCfg = Debug|Any CPU
		{7E31D50B-AAC1-4351-891F-13C64EA5A827}.Debug|Any CPU.Build.0 = Debug|Any CPU
		{7E31D50B-AAC1-4351-891F-13C64EA5A827}.Release|Any CPU.ActiveCfg = Release|Any CPU
		{7E31D50B-AAC1-4351-891F-13C64EA5A827}.Release|Any CPU.Build.0 = Release|Any CPU
	EndGlobalSection
	GlobalSection(SolutionProperties) = preSolution
		HideSolutionNode = FALSE
	EndGlobalSection
	GlobalSection(ExtensibilityGlobals) = postSolution
		SolutionGuid = {178BBE1E-232E-4808-92B3-5FDEE552D23B}
	EndGlobalSection
EndGlobal
