
Microsoft Visual Studio Solution File, Format Version 12.00
# Visual Studio Version 17
VisualStudioVersion = 17.4.33205.214
MinimumVisualStudioVersion = 10.0.40219.1
Project("{FAE04EC0-301F-11D3-BF4B-00C04F79EFBC}") = "CodeGymOnline_Less10_Ex01", "CodeGymOnline_Less10_Ex01.csproj", "{CF947CC8-623B-4641-B76F-669312C576BC}"
EndProject
Global
	GlobalSection(SolutionConfigurationPlatforms) = preSolution
		Debug|Any CPU = Debug|Any CPU
		Release|Any CPU = Release|Any CPU
	EndGlobalSection
	GlobalSection(ProjectConfigurationPlatforms) = postSolution
		{CF947CC8-623B-4641-B76F-669312C576BC}.Debug|Any CPU.ActiveCfg = Debug|Any CPU
		{CF947CC8-623B-4641-B76F-669312C576BC}.Debug|Any CPU.Build.0 = Debug|Any CPU
		{CF947CC8-623B-4641-B76F-669312C576BC}.Release|Any CPU.ActiveCfg = Release|Any CPU
		{CF947CC8-623B-4641-B76F-669312C576BC}.Release|Any CPU.Build.0 = Release|Any CPU
	EndGlobalSection
	GlobalSection(SolutionProperties) = preSolution
		HideSolutionNode = FALSE
	EndGlobalSection
	GlobalSection(ExtensibilityGlobals) = postSolution
		SolutionGuid = {CEC515A0-1CC2-4F17-98D9-FF38537BB5B6}
	EndGlobalSection
EndGlobal
