
Microsoft Visual Studio Solution File, Format Version 12.00
# Visual Studio Version 17
VisualStudioVersion = 17.4.33205.214
MinimumVisualStudioVersion = 10.0.40219.1
Project("{FAE04EC0-301F-11D3-BF4B-00C04F79EFBC}") = "CodeGymOnline_TicTacToe_Modified", "CodeGymOnline_TicTacToe_Modified.csproj", "{A935767C-AF52-45FA-B314-C45E1325EF65}"
EndProject
Global
	GlobalSection(SolutionConfigurationPlatforms) = preSolution
		Debug|Any CPU = Debug|Any CPU
		Release|Any CPU = Release|Any CPU
	EndGlobalSection
	GlobalSection(ProjectConfigurationPlatforms) = postSolution
		{A935767C-AF52-45FA-B314-C45E1325EF65}.Debug|Any CPU.ActiveCfg = Debug|Any CPU
		{A935767C-AF52-45FA-B314-C45E1325EF65}.Debug|Any CPU.Build.0 = Debug|Any CPU
		{A935767C-AF52-45FA-B314-C45E1325EF65}.Release|Any CPU.ActiveCfg = Release|Any CPU
		{A935767C-AF52-45FA-B314-C45E1325EF65}.Release|Any CPU.Build.0 = Release|Any CPU
	EndGlobalSection
	GlobalSection(SolutionProperties) = preSolution
		HideSolutionNode = FALSE
	EndGlobalSection
	GlobalSection(ExtensibilityGlobals) = postSolution
		SolutionGuid = {AF798C66-A1F5-4E3B-9EDE-99122FBE5F94}
	EndGlobalSection
EndGlobal
