
Microsoft Visual Studio Solution File, Format Version 12.00
# Visual Studio Version 17
VisualStudioVersion = 17.4.33205.214
MinimumVisualStudioVersion = 10.0.40219.1
Project("{FAE04EC0-301F-11D3-BF4B-00C04F79EFBC}") = "CodeGymOnline_Less09_Ex", "CodeGymOnline_Less09_Ex.csproj", "{299F391B-82F1-4887-8BFE-1BC5B2C2EF90}"
EndProject
Global
	GlobalSection(SolutionConfigurationPlatforms) = preSolution
		Debug|Any CPU = Debug|Any CPU
		Release|Any CPU = Release|Any CPU
	EndGlobalSection
	GlobalSection(ProjectConfigurationPlatforms) = postSolution
		{299F391B-82F1-4887-8BFE-1BC5B2C2EF90}.Debug|Any CPU.ActiveCfg = Debug|Any CPU
		{299F391B-82F1-4887-8BFE-1BC5B2C2EF90}.Debug|Any CPU.Build.0 = Debug|Any CPU
		{299F391B-82F1-4887-8BFE-1BC5B2C2EF90}.Release|Any CPU.ActiveCfg = Release|Any CPU
		{299F391B-82F1-4887-8BFE-1BC5B2C2EF90}.Release|Any CPU.Build.0 = Release|Any CPU
	EndGlobalSection
	GlobalSection(SolutionProperties) = preSolution
		HideSolutionNode = FALSE
	EndGlobalSection
	GlobalSection(ExtensibilityGlobals) = postSolution
		SolutionGuid = {0FEC3BD9-86AC-4CB2-B327-D3ADFC58EFC7}
	EndGlobalSection
EndGlobal
