
Microsoft Visual Studio Solution File, Format Version 12.00
# Visual Studio Version 17
VisualStudioVersion = 17.4.33205.214
MinimumVisualStudioVersion = 10.0.40219.1
Project("{FAE04EC0-301F-11D3-BF4B-00C04F79EFBC}") = "CodeGymOnline_Less05_Ex01", "CodeGymOnline_Less05_Ex01.csproj", "{F21D3AD8-AB46-4FC1-9CC5-44DFB4FA1AA1}"
EndProject
Project("{FAE04EC0-301F-11D3-BF4B-00C04F79EFBC}") = "CodeGymOnline_Less05_Ex02", "..\CodeGymOnline_Less05_Ex02\CodeGymOnline_Less05_Ex02.csproj", "{4A2AE641-122A-4850-A736-9088CC3E243F}"
EndProject
Global
	GlobalSection(SolutionConfigurationPlatforms) = preSolution
		Debug|Any CPU = Debug|Any CPU
		Release|Any CPU = Release|Any CPU
	EndGlobalSection
	GlobalSection(ProjectConfigurationPlatforms) = postSolution
		{F21D3AD8-AB46-4FC1-9CC5-44DFB4FA1AA1}.Debug|Any CPU.ActiveCfg = Debug|Any CPU
		{F21D3AD8-AB46-4FC1-9CC5-44DFB4FA1AA1}.Debug|Any CPU.Build.0 = Debug|Any CPU
		{F21D3AD8-AB46-4FC1-9CC5-44DFB4FA1AA1}.Release|Any CPU.ActiveCfg = Release|Any CPU
		{F21D3AD8-AB46-4FC1-9CC5-44DFB4FA1AA1}.Release|Any CPU.Build.0 = Release|Any CPU
		{4A2AE641-122A-4850-A736-9088CC3E243F}.Debug|Any CPU.ActiveCfg = Debug|Any CPU
		{4A2AE641-122A-4850-A736-9088CC3E243F}.Debug|Any CPU.Build.0 = Debug|Any CPU
		{4A2AE641-122A-4850-A736-9088CC3E243F}.Release|Any CPU.ActiveCfg = Release|Any CPU
		{4A2AE641-122A-4850-A736-9088CC3E243F}.Release|Any CPU.Build.0 = Release|Any CPU
	EndGlobalSection
	GlobalSection(SolutionProperties) = preSolution
		HideSolutionNode = FALSE
	EndGlobalSection
	GlobalSection(ExtensibilityGlobals) = postSolution
		SolutionGuid = {BFE6E3AB-DD78-45FC-8308-B0E15CEA8975}
	EndGlobalSection
EndGlobal
