
Microsoft Visual Studio Solution File, Format Version 12.00
# Visual Studio Version 17
VisualStudioVersion = 17.4.33205.214
MinimumVisualStudioVersion = 10.0.40219.1
Project("{FAE04EC0-301F-11D3-BF4B-00C04F79EFBC}") = "CodeGymOnline_Less3", "CodeGymOnline_Less3.csproj", "{BF9717CF-440D-4FAC-AB27-9C84C8065A68}"
EndProject
Project("{FAE04EC0-301F-11D3-BF4B-00C04F79EFBC}") = "CodeGymOnline_Less03_Ex02", "..\CodeGymOnline_Less03_Ex02\CodeGymOnline_Less03_Ex02.csproj", "{0997CB44-1CA7-4DC1-A666-0C692641AECB}"
EndProject
Project("{FAE04EC0-301F-11D3-BF4B-00C04F79EFBC}") = "CodeGymOnline_Less03_Ex03", "..\CodeGymOnline_Less03_Ex03\CodeGymOnline_Less03_Ex03.csproj", "{1FAFF70F-D268-4A5C-8DB3-02D9A9B08392}"
EndProject
Project("{FAE04EC0-301F-11D3-BF4B-00C04F79EFBC}") = "Ex", "..\Ex\Ex.csproj", "{8AE9FD90-31AB-419D-A29E-A62ECD10F402}"
EndProject
Global
	GlobalSection(SolutionConfigurationPlatforms) = preSolution
		Debug|Any CPU = Debug|Any CPU
		Release|Any CPU = Release|Any CPU
	EndGlobalSection
	GlobalSection(ProjectConfigurationPlatforms) = postSolution
		{BF9717CF-440D-4FAC-AB27-9C84C8065A68}.Debug|Any CPU.ActiveCfg = Debug|Any CPU
		{BF9717CF-440D-4FAC-AB27-9C84C8065A68}.Debug|Any CPU.Build.0 = Debug|Any CPU
		{BF9717CF-440D-4FAC-AB27-9C84C8065A68}.Release|Any CPU.ActiveCfg = Release|Any CPU
		{BF9717CF-440D-4FAC-AB27-9C84C8065A68}.Release|Any CPU.Build.0 = Release|Any CPU
		{0997CB44-1CA7-4DC1-A666-0C692641AECB}.Debug|Any CPU.ActiveCfg = Debug|Any CPU
		{0997CB44-1CA7-4DC1-A666-0C692641AECB}.Debug|Any CPU.Build.0 = Debug|Any CPU
		{0997CB44-1CA7-4DC1-A666-0C692641AECB}.Release|Any CPU.ActiveCfg = Release|Any CPU
		{0997CB44-1CA7-4DC1-A666-0C692641AECB}.Release|Any CPU.Build.0 = Release|Any CPU
		{1FAFF70F-D268-4A5C-8DB3-02D9A9B08392}.Debug|Any CPU.ActiveCfg = Debug|Any CPU
		{1FAFF70F-D268-4A5C-8DB3-02D9A9B08392}.Debug|Any CPU.Build.0 = Debug|Any CPU
		{1FAFF70F-D268-4A5C-8DB3-02D9A9B08392}.Release|Any CPU.ActiveCfg = Release|Any CPU
		{1FAFF70F-D268-4A5C-8DB3-02D9A9B08392}.Release|Any CPU.Build.0 = Release|Any CPU
		{8AE9FD90-31AB-419D-A29E-A62ECD10F402}.Debug|Any CPU.ActiveCfg = Debug|Any CPU
		{8AE9FD90-31AB-419D-A29E-A62ECD10F402}.Debug|Any CPU.Build.0 = Debug|Any CPU
		{8AE9FD90-31AB-419D-A29E-A62ECD10F402}.Release|Any CPU.ActiveCfg = Release|Any CPU
		{8AE9FD90-31AB-419D-A29E-A62ECD10F402}.Release|Any CPU.Build.0 = Release|Any CPU
	EndGlobalSection
	GlobalSection(SolutionProperties) = preSolution
		HideSolutionNode = FALSE
	EndGlobalSection
	GlobalSection(ExtensibilityGlobals) = postSolution
		SolutionGuid = {513B942D-E1EF-4A49-A65E-A9CE57FDAD6A}
	EndGlobalSection
EndGlobal
